# Generated self-view for policy version 0.4.0. Release identity is the annotated Git tag.
# Phase 0 deterministic generation evidence: human-review.
schema_version: 0.2.0
generated: true
policy:
  source: .
  version: 0.4.0
policy_digest: sha256:2e54ebfe90ee889af1cc581ee209936b387ee5f913f9504a3ac83611f69b6b4f
manifest_digest: sha256:33970ecf52950c1cf9826ff5b02cef7b34996a37eaeb2fd5c0d55c2deb60fffd
profiles:
  - risk/standard
rules:
  - id: COMP-001
    source: rules/compatibility/COMP-001.md
    enforcement: {mode: ci, implementation: planned}
  - id: COST-001
    source: rules/cost/COST-001.md
    enforcement: {mode: manual, implementation: implemented}
  - id: COST-002
    source: rules/cost/COST-002.md
    enforcement: {mode: manual, implementation: implemented}
  - id: DATA-004
    source: rules/data/DATA-004.md
    enforcement: {mode: validator, implementation: planned}
  - id: DATA-005
    source: rules/data/DATA-005.md
    enforcement: {mode: validator, implementation: planned}
  - id: DATA-006
    source: rules/data/DATA-006.md
    enforcement: {mode: manual, implementation: implemented}
  - id: GOV-001
    source: rules/governance/GOV-001.md
    enforcement: {mode: manual, implementation: implemented}
  - id: GOV-002
    source: rules/governance/GOV-002.md
    enforcement: {mode: manual, implementation: implemented}
  - id: GOV-003
    source: rules/governance/GOV-003.md
    enforcement: {mode: validator, implementation: planned}
  - id: GOV-004
    source: rules/governance/GOV-004.md
    enforcement: {mode: validator, implementation: planned}
  - id: HITL-001
    source: rules/hitl/HITL-001.md
    enforcement: {mode: manual, implementation: implemented}
  - id: HITL-002
    source: rules/hitl/HITL-002.md
    enforcement: {mode: manual, implementation: implemented}
  - id: HITL-003
    source: rules/hitl/HITL-003.md
    enforcement: {mode: manual, implementation: implemented}
  - id: OBS-001
    source: rules/observability/OBS-001.md
    enforcement: {mode: validator, implementation: planned}
  - id: PROJ-001
    source: rules/project/PROJ-001.md
    enforcement: {mode: ci, implementation: planned}
  - id: REL-001
    source: rules/reliability/REL-001.md
    enforcement: {mode: ci, implementation: planned}
  - id: RULE-001
    source: rules/rule-system/RULE-001.md
    enforcement: {mode: ci, implementation: planned}
  - id: RULE-002
    source: rules/rule-system/RULE-002.md
    enforcement: {mode: validator, implementation: planned}
  - id: RULE-003
    source: rules/rule-system/RULE-003.md
    enforcement: {mode: validator, implementation: planned}
  - id: SEC-001
    source: rules/security/SEC-001.md
    enforcement: {mode: ci, implementation: planned}
  - id: SEC-002
    source: rules/security/SEC-002.md
    enforcement: {mode: ci, implementation: planned}
  - id: TOOL-001
    source: rules/tooling/TOOL-001.md
    enforcement: {mode: validator, implementation: planned}
  - id: TOOL-002
    source: rules/tooling/TOOL-002.md
    enforcement: {mode: validator, implementation: planned}
  - id: TOOL-003
    source: rules/tooling/TOOL-003.md
    enforcement: {mode: ci, implementation: planned}
  - id: TOOL-004
    source: rules/tooling/TOOL-004.md
    enforcement: {mode: manual, implementation: implemented}
  - id: TST-001
    source: rules/testing/TST-001.md
    enforcement: {mode: manual, implementation: implemented}
  - id: TST-002
    source: rules/testing/TST-002.md
    enforcement: {mode: manual, implementation: implemented}
  - id: TST-003
    source: rules/testing/TST-003.md
    enforcement: {mode: ci, implementation: planned}
  - id: TST-004
    source: rules/testing/TST-004.md
    enforcement: {mode: ci, implementation: planned}
  - id: TST-005
    source: rules/testing/TST-005.md
    enforcement: {mode: validator, implementation: planned}
parameters:
  check_mode_before_release: full
  evidence_review: risk-and-change-triggered
  sbom: required
exceptions: []
