# Generated by spec-it from an exact policy version and manifest.
# Do not edit directly. Phase 0 deterministic generation evidence: human-review.
schema_version: 0.1.0
generated: true
policy:
  source: https://example.invalid/spec-it.git
  version: 0.3.0
manifest_digest: sha256:0000000000000000000000000000000000000000000000000000000000000000
profiles: []
rules: []
parameters: {}
exceptions: []
