# Generated by spec-it from a resolved policy release and manifest.
# Do not edit directly. Phase 0 deterministic generation evidence: human-review.
schema_version: 0.2.0
generated: true
policy:
  source: https://example.invalid/spec-it.git
  version: 0.4.0
  revision: <resolved-immutable-revision>
policy_digest: sha256:0000000000000000000000000000000000000000000000000000000000000000
manifest_digest: sha256:0000000000000000000000000000000000000000000000000000000000000000
profiles: []
rules: []
parameters: {}
exceptions: []
